version = 1
revision = 3
requires-python = ">=3.11"

[[package]]
name = "anyio"
version = "4.13.0"
source = { registry = "https://pypi.org/simple" }
dependencies = [
    { name = "idna" },
    { name = "typing-extensions", marker = "python_full_version < '3.13'" },
]
sdist = { url = "https://files.pythonhosted.org/packages/19/14/2c5dd9f512b66549ae92767a9c7b330ae88e1932ca57876909410251fe13/anyio-4.13.0.tar.gz", hash = "sha256:334b70e641fd2221c1505b3890c69882fe4a2df910cba14d97019b90b24439dc", size = 231622, upload-time = "2026-03-24T12:59:09.671Z" }
wheels = [
    { url = "https://files.pythonhosted.org/packages/da/42/e921fccf5015463e32a3cf6ee7f980a6ed0f395ceeaa45060b61d86486c2/anyio-4.13.0-py3-none-any.whl", hash = "sha256:08b310f9e24a9594186fd75b4f73f4a4152069e3853f1ed8bfbf58369f4ad708", size = 114353, upload-time = "2026-03-24T12:59:08.246Z" },
]

[[package]]
name = "eric-roby-fastapi-app-with-postgresql"
version = "0.1.0"
source = { virtual = "." }
dependencies = [
    { name = "fastapi" },
    { name = "psycopg2-binary" },
    { name = "sqlalchemy" },
]

[package.metadata]
requires-dist = [
    { name = "fastapi", specifier = "==0.96.0" },
    { name = "psycopg2-binary", specifier = ">=2.9.12" },
    { name = "sqlalchemy", specifier = "==2.0.15" },
]

[[package]]
name = "fastapi"
version = "0.96.0"
source = { registry = "https://pypi.org/simple" }
dependencies = [
    { name = "pydantic" },
    { name = "starlette" },
]
sdist = { url = "https://files.pythonhosted.org/packages/18/59/bc4b64f5bbb0b36497f8fe52794c4441bea06258b710c36cc597c04abaa3/fastapi-0.96.0.tar.gz", hash = "sha256:71232d47c2787446991c81c41c249f8a16238d52d779c0e6b43927d3773dbe3c", size = 10323730, upload-time = "2023-06-03T14:37:01.676Z" }
wheels = [
    { url = "https://files.pythonhosted.org/packages/b4/61/b62cd764a6d23220e5e8195405f6926643a41b088d3de550407e8a4edd80/fastapi-0.96.0-py3-none-any.whl", hash = "sha256:b8e11fe81e81eab4e1504209917338e0b80f783878a42c2b99467e5e1019a1e9", size = 57061, upload-time = "2023-06-03T14:36:58.608Z" },
]

[[package]]
name = "greenlet"
version = "3.5.1"
source = { registry = "https://pypi.org/simple" }
sdist = { url = "https://files.pythonhosted.org/packages/6d/6e/802acd792aebb2256fbbee8cacf2727faaeb6f240ac11008f09eae4414bc/greenlet-3.5.1.tar.gz", hash = "sha256:5a56aeb7d5d9cc4b3a735efb5095bd4b4f6f0e4f93e5ca876d0e2315137b7829", size = 197356, upload-time = "2026-05-20T15:05:03.917Z" }
wheels = [
    { url = "https://files.pythonhosted.org/packages/42/3c/ff890b466eaba2b0f5e6bdfff025f8c75f41b8ffdc3dbc3d24ad261e764a/greenlet-3.5.1-cp311-cp311-macosx_11_0_universal2.whl", hash = "sha256:73f78f9b9f0a5c06e5c946ba1e8e36f5114923b6be109ee618c54f079c3ea14f", size = 284764, upload-time = "2026-05-20T13:09:10.204Z" },
    { url = "https://files.pythonhosted.org/packages/81/0e/5e5457be3d256918f6a4756f073548a3f0190836e2cc94aa6d0d617a940b/greenlet-3.5.1-cp311-cp311-manylinux_2_24_aarch64.manylinux_2_28_aarch64.whl", hash = "sha256:a0cbed8bb44e23c5b199f888f4e4ce096b45ad9f25ff74a7ad0213875e936bb2", size = 603479, upload-time = "2026-05-20T14:00:04.757Z" },
    { url = "https://files.pythonhosted.org/packages/6d/e1/f89a21d58d308298e6f275f13a1b472ed96c680b601a371b08be6a725989/greenlet-3.5.1-cp311-cp311-manylinux_2_24_ppc64le.manylinux_2_28_ppc64le.whl", hash = "sha256:a203a8bd0acb0701653d3bbb26e404854a68674139ed5cbb778830f42b09bb33", size = 615495, upload-time = "2026-05-20T14:05:40.87Z" },
    { url = "https://files.pythonhosted.org/packages/75/de/af6cef182862d2ccd6975440d21c9058a77c3f9b469abf94e322dfd2e0e3/greenlet-3.5.1-cp311-cp311-manylinux_2_24_x86_64.manylinux_2_28_x86_64.whl", hash = "sha256:8a271fcd66c74615cda6a964fda3f304267a12e50a084472218a39bb0376f563", size = 614754, upload-time = "2026-05-20T13:14:24.947Z" },
    { url = "https://files.pythonhosted.org/packages/1a/c6/50e520283a9f19388a7326b05f9e8637e566003475eacaadad04f558c68d/greenlet-3.5.1-cp311-cp311-musllinux_1_2_aarch64.whl", hash = "sha256:ded7b068c7c31c1a8657d4fd42d886b3e051ae29f88b80c5ff9d502257b0f071", size = 1574097, upload-time = "2026-05-20T14:02:24.003Z" },
    { url = "https://files.pythonhosted.org/packages/21/1c/13abd1f4860d987fa5e1170a01930d6e6cd40d328de487a3c9fdaff0ffd0/greenlet-3.5.1-cp311-cp311-musllinux_1_2_x86_64.whl", hash = "sha256:d0932b81d72f552ded9d810d00021b64d89f2195a91ce115b893f943b7a4ab3c", size = 1641058, upload-time = "2026-05-20T13:14:31.83Z" },
    { url = "https://files.pythonhosted.org/packages/f5/56/5f332b7705545eac2dc01b4e9254d24a793f2656d55d5cc6b94ee59d22ae/greenlet-3.5.1-cp311-cp311-win_amd64.whl", hash = "sha256:88e300d136eac057b2397aa1cfd7328b4c87c7eb66a09c7bc6a1292234db474e", size = 238089, upload-time = "2026-05-20T13:14:03.229Z" },
    { url = "https://files.pythonhosted.org/packages/d9/a9/a3c2fa886c5b94863fb0e61b3bc14610b7aa94cf4f17f8741b11708305fc/greenlet-3.5.1-cp311-cp311-win_arm64.whl", hash = "sha256:cc6ab7e555c8a112ad3a76e368e86e12a2754bcae1652a5602e133ec7b635523", size = 234989, upload-time = "2026-05-20T13:08:27.715Z" },
    { url = "https://files.pythonhosted.org/packages/c4/37/4549f149c9797c21b32c2683c33522af22522099de128b2406672526d005/greenlet-3.5.1-cp312-cp312-macosx_11_0_universal2.whl", hash = "sha256:fa4f98af3a528f0c3fd592a26df7f376f93329c8f4d987f6bb979057af8bf5e2", size = 286220, upload-time = "2026-05-20T13:07:28.463Z" },
    { url = "https://files.pythonhosted.org/packages/38/ff/a4f436709716965eaab9f36ea7b906c8a927fbe32fb1372a2071d964f6b1/greenlet-3.5.1-cp312-cp312-manylinux_2_24_aarch64.manylinux_2_28_aarch64.whl", hash = "sha256:ffea73584b216150eab159b6d12348fb253e68757974de1e2c40d8a318ac89ed", size = 601585, upload-time = "2026-05-20T14:00:06.141Z" },
    { url = "https://files.pythonhosted.org/packages/65/ad/54bc3fcee3ad368a61b19b67d88117f7a8c29727bf71fffdeda81fbd946e/greenlet-3.5.1-cp312-cp312-manylinux_2_24_ppc64le.manylinux_2_28_ppc64le.whl", hash = "sha256:1072b4f9edcc1e192d9283a66a3e68d6b84c561de33a83d7858beb9ba1effe10", size = 614215, upload-time = "2026-05-20T14:05:42.675Z" },
    { url = "https://files.pythonhosted.org/packages/40/69/b91cda0647df839483201545913514c2827ebea5e5ccdf931842763bc127/greenlet-3.5.1-cp312-cp312-manylinux_2_24_x86_64.manylinux_2_28_x86_64.whl", hash = "sha256:add5217d68b31130f0beca584d7fef4878327d2e31642b66618a14eef312b63b", size = 611358, upload-time = "2026-05-20T13:14:26.37Z" },
    { url = "https://files.pythonhosted.org/packages/59/90/3cf77e080350cd02fa307bb2abf05df48f4482c240275bbd2c203ba8bb1c/greenlet-3.5.1-cp312-cp312-musllinux_1_2_aarch64.whl", hash = "sha256:a5ea42a752d47a145eae922b605cd1634665ac3d5ec1e72402d5048e8d60d207", size = 1570475, upload-time = "2026-05-20T14:02:25.29Z" },
    { url = "https://files.pythonhosted.org/packages/65/2c/18cece62045e74598c3c393f70dce4a63f56222015ba29a5d4eeb04f764c/greenlet-3.5.1-cp312-cp312-musllinux_1_2_x86_64.whl", hash = "sha256:c5551170cf4f5ff5623e9af81323751979fee2c731e2287b61f73cd27257b823", size = 1635625, upload-time = "2026-05-20T13:14:34.027Z" },
    { url = "https://files.pythonhosted.org/packages/30/f5/310d104ddf41eb5a70f4c268d22508dfb0c3c8e86fec152be34d0d2ed819/greenlet-3.5.1-cp312-cp312-win_amd64.whl", hash = "sha256:3c8bb982ad117d29478ef8f5533e97df21f1e2befd17a299257b0c96d1371c0b", size = 238791, upload-time = "2026-05-20T13:10:39.018Z" },
    { url = "https://files.pythonhosted.org/packages/62/90/ceca11f504cd23a8047a3dea31919adc48df9b626dd0c13f0d858734fdfd/greenlet-3.5.1-cp312-cp312-win_arm64.whl", hash = "sha256:80eb4b04dadc4e67df3fae179a32c4706a3f495bc7f22fc8a81115d5f5512188", size = 235580, upload-time = "2026-05-20T13:08:45.056Z" },
    { url = "https://files.pythonhosted.org/packages/27/69/7f7e5372d998b81001899b1c0823c957aa413ba0f2662e65821611cc31e4/greenlet-3.5.1-cp313-cp313-macosx_11_0_universal2.whl", hash = "sha256:51518ff74664078fc51bffcc6fc529b0df5ae58da192691cee765d45ce944a2b", size = 285060, upload-time = "2026-05-20T13:08:51.899Z" },
    { url = "https://files.pythonhosted.org/packages/b1/bf/387f9b6b865fd2ae0d0be09e0004827295a01b71be76ed350dd1e28a91a4/greenlet-3.5.1-cp313-cp313-manylinux_2_24_aarch64.manylinux_2_28_aarch64.whl", hash = "sha256:1ffdb3c0bb002c99cd8f298957e046c3dbf6006b5b7cdf11a4e19194624a0a0a", size = 604370, upload-time = "2026-05-20T14:00:07.492Z" },
    { url = "https://files.pythonhosted.org/packages/32/f5/169ce3d4e4c67291bd18f8cbe0299c9f3e45102c7f1fb3c14780c93e4532/greenlet-3.5.1-cp313-cp313-manylinux_2_24_ppc64le.manylinux_2_28_ppc64le.whl", hash = "sha256:7715a5a2c3378ba602c3a440558261e13a820bb53a82693aacd7b7f6d964e283", size = 616987, upload-time = "2026-05-20T14:05:44.237Z" },
    { url = "https://files.pythonhosted.org/packages/ee/e5/7f2e41d5273be07e77560d61ea4e56485b4d6c316d2a84518c62d1364061/greenlet-3.5.1-cp313-cp313-manylinux_2_24_x86_64.manylinux_2_28_x86_64.whl", hash = "sha256:dc71ff466927a201b08305acac451ebe1aedfcea002f62f1f2f2ac2ac1e6a135", size = 613911, upload-time = "2026-05-20T13:14:27.539Z" },
    { url = "https://files.pythonhosted.org/packages/c5/a4/fbdc67579b73615a1f91615e814303cc71e06128f7baaba87be79b8fb90c/greenlet-3.5.1-cp313-cp313-musllinux_1_2_aarch64.whl", hash = "sha256:cd443683db272ebaaca03af98c0b063ab30db70ea8a31a1559f35e3f7b744ccd", size = 1570689, upload-time = "2026-05-20T14:02:27.225Z" },
    { url = "https://files.pythonhosted.org/packages/e6/b4/77abbe35078be39718a46cd49caf16bceb35662f97a34101dca28aa98e47/greenlet-3.5.1-cp313-cp313-musllinux_1_2_x86_64.whl", hash = "sha256:089fff7a6ce8d9316d1f65ebc00273a56be258c1725b32b94de90a3a979557e1", size = 1635602, upload-time = "2026-05-20T13:14:36.344Z" },
    { url = "https://files.pythonhosted.org/packages/37/f7/129f27ca700845b8ee8ca88ce7f43435a1239c2eddb7677fc938822762cf/greenlet-3.5.1-cp313-cp313-win_amd64.whl", hash = "sha256:110a1ca7b49b014b097f6078272c3f4ed31af45b254de5228b79adba879f6af9", size = 238683, upload-time = "2026-05-20T13:11:50.57Z" },
    { url = "https://files.pythonhosted.org/packages/6d/5c/a485a36e87df8d8fd0632ee01511244f5156a20ed3746cc6599340326395/greenlet-3.5.1-cp313-cp313-win_arm64.whl", hash = "sha256:f16ba1efc0715b680a18b8123d90dad887c6112ae3555b4b5c32c149540c6b4e", size = 235499, upload-time = "2026-05-20T13:12:42.028Z" },
    { url = "https://files.pythonhosted.org/packages/8a/cb/c62454606daf5640369c94d8a9dd540599b1bfc090e2d2180cb77f4038d2/greenlet-3.5.1-cp314-cp314-macosx_11_0_universal2.whl", hash = "sha256:d8ab31c9de8651a2facdd5c5bb0011f2380dd1a7af78ce2adf4b56095294fc07", size = 285579, upload-time = "2026-05-20T13:08:56.396Z" },
    { url = "https://files.pythonhosted.org/packages/ec/71/c4270398c2eba968a6071af1dfbdcaeee6ec1c24bc8b435b8cc452700da6/greenlet-3.5.1-cp314-cp314-manylinux_2_24_aarch64.manylinux_2_28_aarch64.whl", hash = "sha256:5e300185139abc337ade480c327183adf42a875ac7181bfe66d7d4efea31fbea", size = 651106, upload-time = "2026-05-20T14:00:09.448Z" },
    { url = "https://files.pythonhosted.org/packages/1a/ab/71e34b78a44ec271fb5f550c17bc46d301ddc5953890d935f270b0dcdb5a/greenlet-3.5.1-cp314-cp314-manylinux_2_24_ppc64le.manylinux_2_28_ppc64le.whl", hash = "sha256:7ffdb990dcaa0234cf9845aead5df2e3c3a8b6507d409274dd87e0d5ab05ffc2", size = 663478, upload-time = "2026-05-20T14:05:45.88Z" },
    { url = "https://files.pythonhosted.org/packages/77/96/4efd6fa5c62c85426a0c19077a586258ebc3a2a146ff2493e4312a697a22/greenlet-3.5.1-cp314-cp314-manylinux_2_24_x86_64.manylinux_2_28_x86_64.whl", hash = "sha256:2f82b3597e9d83b63408affed0b48fd0f54935edac4302237b9a837be0dae33c", size = 660800, upload-time = "2026-05-20T13:14:29.129Z" },
    { url = "https://files.pythonhosted.org/packages/7a/e0/6c71401a25cac7000261304e866a2f2cc04dc74810d40e2f118aa4799495/greenlet-3.5.1-cp314-cp314-musllinux_1_2_aarch64.whl", hash = "sha256:c0141e37414c10164e702b8fb1473304221ad98f71600850c6ef7ff4880feba0", size = 1617518, upload-time = "2026-05-20T14:02:28.662Z" },
    { url = "https://files.pythonhosted.org/packages/41/26/c5c06643e8c0af9e7bf18e16cb51d0ab7625155f0392e1c9015d66d556cd/greenlet-3.5.1-cp314-cp314-musllinux_1_2_x86_64.whl", hash = "sha256:50ae25a67bea74ea41fb14b960bc532df73eb713417b2d61892dced82fe8d3bc", size = 1681593, upload-time = "2026-05-20T13:14:39.417Z" },
    { url = "https://files.pythonhosted.org/packages/8a/bd/e11a108317485075e68af9d23039619b86b28130c3b50d227d42edece64b/greenlet-3.5.1-cp314-cp314-win_amd64.whl", hash = "sha256:8a17c42330e261299766b75ac1ea32caa437a9453c8f65d16a13140db378ecd3", size = 239800, upload-time = "2026-05-20T13:09:30.128Z" },
    { url = "https://files.pythonhosted.org/packages/47/f8/8e8e8417b7bf28639a5a56356ef934d0375e1d0c70a57e04d7701e870ffe/greenlet-3.5.1-cp314-cp314-win_arm64.whl", hash = "sha256:7b5f5fae05b8ac6d176a61b60c394a8cbdc2b5b91b81793066e68745cf165e54", size = 236862, upload-time = "2026-05-20T13:09:10.498Z" },
    { url = "https://files.pythonhosted.org/packages/90/12/41bf27fde4d3605d3773ae57751eda182b8be2f5398011c041173b1d9534/greenlet-3.5.1-cp314-cp314t-macosx_11_0_universal2.whl", hash = "sha256:ea8da1e900d758d078810d4255d8c6aa572181896a31ec79d779eb79c3adc9ad", size = 293637, upload-time = "2026-05-20T13:12:35.529Z" },
    { url = "https://files.pythonhosted.org/packages/44/44/ba14b23e9757707050c2f397d305bbcae62e5d7cad122f8b6baec5ae4a1f/greenlet-3.5.1-cp314-cp314t-manylinux_2_24_aarch64.manylinux_2_28_aarch64.whl", hash = "sha256:a19570c52a21420dcbc94e661994bc325c0b5b11304540fed514586da5dc8f2e", size = 650840, upload-time = "2026-05-20T14:00:11.079Z" },
    { url = "https://files.pythonhosted.org/packages/a8/37/5ddc2b686a6844f91abecef43411842426da2e1573f60b49ecf2547f4ae1/greenlet-3.5.1-cp314-cp314t-manylinux_2_24_ppc64le.manylinux_2_28_ppc64le.whl", hash = "sha256:3d955c89b75eeca4723d7cc14135f393cd47c32e2a6cb4a8e4c6e760a26b0986", size = 656416, upload-time = "2026-05-20T14:05:47.118Z" },
    { url = "https://files.pythonhosted.org/packages/e1/f0/d17510297c35a2992712f0bf84de3779749999f7d3d63aa1f09db7c62dbe/greenlet-3.5.1-cp314-cp314t-manylinux_2_24_x86_64.manylinux_2_28_x86_64.whl", hash = "sha256:de2daaaebd1a5aa88c49045b6baf9310b3263796bd88db713edf37cf53e7bb4e", size = 654397, upload-time = "2026-05-20T13:14:30.696Z" },
    { url = "https://files.pythonhosted.org/packages/37/eb/147387705bb89092645b012586e7273cb5ed3c90ef7eaf3a69173eaf0209/greenlet-3.5.1-cp314-cp314t-musllinux_1_2_aarch64.whl", hash = "sha256:3bfbd69cc349e43bf3a8ae1c85548ff0718efc887615c2db16c3833d7b0b072d", size = 1614469, upload-time = "2026-05-20T14:02:30.192Z" },
    { url = "https://files.pythonhosted.org/packages/a6/4e/37ee0da7732b7aa9896f17e15579a9df34b9fcb9dd494f0adfa749af6623/greenlet-3.5.1-cp314-cp314t-musllinux_1_2_x86_64.whl", hash = "sha256:4378720dd888136c27215a0214d32a4d37c3852765d45bc37aad0623423cfd78", size = 1675115, upload-time = "2026-05-20T13:14:40.972Z" },
    { url = "https://files.pythonhosted.org/packages/57/f3/97dfcf4a6eb5077f8a672234216fb5923eb89f2cab7081cb10b2cf75b605/greenlet-3.5.1-cp314-cp314t-win_amd64.whl", hash = "sha256:45718441607f9325d948db98cbc691276059316d0358c188c246da4e1d4d23d2", size = 245246, upload-time = "2026-05-20T13:12:22.646Z" },
    { url = "https://files.pythonhosted.org/packages/5d/73/d7f72e34b582f694f4a9b248162db7b09cc458a259ba8f0c0bfa1a34ea7d/greenlet-3.5.1-cp315-cp315-macosx_11_0_universal2.whl", hash = "sha256:2baee5ca02031757ffe8cc3d69f0cc0aec7065ce362622da74f32d3bcab1c541", size = 285575, upload-time = "2026-05-20T13:12:07.043Z" },
    { url = "https://files.pythonhosted.org/packages/df/59/fa9c6e87dc8ad27a95dabe2f29f372b733d05a8a67470f6c901ed9975655/greenlet-3.5.1-cp315-cp315-manylinux_2_24_aarch64.manylinux_2_28_aarch64.whl", hash = "sha256:9b1ec3274918a81d3ea778b9e75b56b72b33f300edb6cf7f3a7fe1dae56683de", size = 656428, upload-time = "2026-05-20T14:00:12.556Z" },
    { url = "https://files.pythonhosted.org/packages/f6/f9/e753408871eaa61dfe35e619cfc67512b036fde99893685d50eea9e07146/greenlet-3.5.1-cp315-cp315-manylinux_2_24_ppc64le.manylinux_2_28_ppc64le.whl", hash = "sha256:111e2390ffffc47d5840b01711dd7fac07d4c09283d0283e7f3264b14e284c64", size = 667064, upload-time = "2026-05-20T14:05:48.662Z" },
    { url = "https://files.pythonhosted.org/packages/96/27/5565b5b40389f1c7753003a07e21892fda8660926787036d5bc0308b8113/greenlet-3.5.1-cp315-cp315-manylinux_2_24_x86_64.manylinux_2_28_x86_64.whl", hash = "sha256:e630136e905fe5ff43e86945ae41220b6d1470956a39220e708110ac48d01ea5", size = 665697, upload-time = "2026-05-20T13:14:32.943Z" },
    { url = "https://files.pythonhosted.org/packages/cf/82/e7de4178c0c2d1c9a5a3be3cc0b33e46a85b3ee4a77c071bf7ad8600e079/greenlet-3.5.1-cp315-cp315-musllinux_1_2_aarch64.whl", hash = "sha256:975eac34b44a7077ca4d421348455b94f0f518246a7f14bc6d2fdcfe5b584368", size = 1621256, upload-time = "2026-05-20T14:02:31.91Z" },
    { url = "https://files.pythonhosted.org/packages/00/10/f2dddcf7dacac17dfc68691809589adad06135eb28930429cf58a6467a2f/greenlet-3.5.1-cp315-cp315-musllinux_1_2_x86_64.whl", hash = "sha256:9ab3c3a0b2ae6198e67c898dad5215a49f9ae0d0081b3c3ec59f333e39eeca26", size = 1685956, upload-time = "2026-05-20T13:14:42.55Z" },
    { url = "https://files.pythonhosted.org/packages/22/17/4a232b32133230ada52f70e9d7f5b65b0caef8772f01849bd8d149e7e4ca/greenlet-3.5.1-cp315-cp315-win_amd64.whl", hash = "sha256:cbfc69be86e10dcfef5b1e6269d1d6926552aa89ee39e1de3353360c1b6989ab", size = 239802, upload-time = "2026-05-20T13:13:15.481Z" },
    { url = "https://files.pythonhosted.org/packages/c2/ae/4e623a7e6d4d2a5f4cb8e4c82de4169fc637942caae68d6e676b8a128ac5/greenlet-3.5.1-cp315-cp315-win_arm64.whl", hash = "sha256:92fd6d44ac5e5a887c8a5dc4a8ba0ba908527c31c12f78c6bc7dcfe8aab279f6", size = 236853, upload-time = "2026-05-20T13:15:37.301Z" },
    { url = "https://files.pythonhosted.org/packages/7a/57/816d9cff29119da3505b3d6a5e14a8af89006ac36f47f891ff293ee05af1/greenlet-3.5.1-cp315-cp315t-macosx_11_0_universal2.whl", hash = "sha256:a6fdf2433a5441ef9a95464f7c3e674775da1c8c1177fff311cee1acad4626ed", size = 293877, upload-time = "2026-05-20T13:10:19.078Z" },
    { url = "https://files.pythonhosted.org/packages/23/a1/59b0a7c7d140ff1a75626680b9a9899b79a9176cab298b394968fb023295/greenlet-3.5.1-cp315-cp315t-manylinux_2_24_aarch64.manylinux_2_28_aarch64.whl", hash = "sha256:7546556f0d649f99f6a361098a55f761181bb2ea12ff150bb16d26092ad88244", size = 655333, upload-time = "2026-05-20T14:00:14.758Z" },
    { url = "https://files.pythonhosted.org/packages/72/1b/5efe127597625042218939d01855109f352779050768b670b52edcc16a6c/greenlet-3.5.1-cp315-cp315t-manylinux_2_24_ppc64le.manylinux_2_28_ppc64le.whl", hash = "sha256:d5ee3ea898009fa898f85f9982255d35278c477bebe185beca249cab42d4526c", size = 659443, upload-time = "2026-05-20T14:05:50.159Z" },
    { url = "https://files.pythonhosted.org/packages/6c/6d/c404246ea4d22d097a7426d0efb5b781bd7eb67715f09e79001bd552ab18/greenlet-3.5.1-cp315-cp315t-manylinux_2_24_x86_64.manylinux_2_28_x86_64.whl", hash = "sha256:a5c81f74d204d3edd136ebfd50dce53acbb776995d721a0fe801626cfc93b8cd", size = 658356, upload-time = "2026-05-20T13:14:35.091Z" },
    { url = "https://files.pythonhosted.org/packages/51/02/f8ee37fb6d2219329f350af241c27fcf12df57e723d11f6fc6d3bacdadaa/greenlet-3.5.1-cp315-cp315t-musllinux_1_2_aarch64.whl", hash = "sha256:2c18ef16bf6d4dd410e4dd52996888ea1497be26892fe5bbc73580aba4287b8e", size = 1619216, upload-time = "2026-05-20T14:02:33.403Z" },
    { url = "https://files.pythonhosted.org/packages/93/c5/3dc9475ace2c7a3680da12372cddd7f1ac874eb410a1ac48d3e9dab83782/greenlet-3.5.1-cp315-cp315t-musllinux_1_2_x86_64.whl", hash = "sha256:17d86354f0ae6b61bf9be5148d0dd34e06c3cb7c602c671f79f29ac3b150e659", size = 1678427, upload-time = "2026-05-20T13:14:43.71Z" },
    { url = "https://files.pythonhosted.org/packages/df/4e/750c15c317a41ffb36f0bf40b933e3d744a7dede61889f74443ea69690cf/greenlet-3.5.1-cp315-cp315t-win_amd64.whl", hash = "sha256:e7516cf6ae6b8a582c2770a0caed47b8a48373ed732c33d69a72913ae6ac923e", size = 245225, upload-time = "2026-05-20T13:13:59.366Z" },
    { url = "https://files.pythonhosted.org/packages/4f/fd/d3baea2eeb7b617efd47e87ca06e2ec2c6118d303aa9e918e0ce16eadc10/greenlet-3.5.1-cp315-cp315t-win_arm64.whl", hash = "sha256:5028648bf2253ec4745add746129d3904121fa7fe871a76bed23c5720573ce0a", size = 239590, upload-time = "2026-05-20T13:13:37.382Z" },
]

[[package]]
name = "idna"
version = "3.17"
source = { registry = "https://pypi.org/simple" }
sdist = { url = "https://files.pythonhosted.org/packages/b9/28/99c51f664567218d824af024c0251650fb27e4ca066df188dab0769c5b91/idna-3.17.tar.gz", hash = "sha256:5eb0cb53bc467c12eadcf6de83163ad8527cec9416f44b9b61b19caedad2b87f", size = 196048, upload-time = "2026-05-28T14:32:38.55Z" }
wheels = [
    { url = "https://files.pythonhosted.org/packages/de/a7/f76514cc40ad6234098ecdebda08732d75964776c51a42845b7da10649e2/idna-3.17-py3-none-any.whl", hash = "sha256:466e48829084efe2548012b855df21540b96f2e20e51bd124c851536556a592c", size = 65316, upload-time = "2026-05-28T14:32:37.035Z" },
]

[[package]]
name = "psycopg2-binary"
version = "2.9.12"
source = { registry = "https://pypi.org/simple" }
sdist = { url = "https://files.pythonhosted.org/packages/2a/60/a3624f79acea344c16fbef3a94d28b89a8042ddfb8f3e4ca83f538671409/psycopg2_binary-2.9.12.tar.gz", hash = "sha256:5ac9444edc768c02a6b6a591f070b8aae28ff3a99be57560ac996001580f294c", size = 379686, upload-time = "2026-04-21T09:40:34.304Z" }
wheels = [
    { url = "https://files.pythonhosted.org/packages/d5/19/d4ce60954f3bb9d8e3bc5e5c4d1f2487de2d3851bf2391d54954c9df12a6/psycopg2_binary-2.9.12-cp311-cp311-macosx_10_9_x86_64.whl", hash = "sha256:5c8ce6c61bd1b1f6b9c24ee32211599f6166af2c55abb19456090a21fd16554b", size = 3712338, upload-time = "2026-04-20T23:34:03.961Z" },
    { url = "https://files.pythonhosted.org/packages/53/71/c85409ee0d78890f0660eff262e815e7dd2bb741a17611d82e9e8cd9dc5e/psycopg2_binary-2.9.12-cp311-cp311-macosx_11_0_arm64.whl", hash = "sha256:b4a9eaa6e7f4ff91bec10aa3fb296878e75187bced5cc4bafe17dc40915e1326", size = 3822407, upload-time = "2026-04-20T23:34:05.977Z" },
    { url = "https://files.pythonhosted.org/packages/3c/ed/60486c2c7f0d4d1ede2bfb1ed27e2498477ce646bc7f6b2759906303117e/psycopg2_binary-2.9.12-cp311-cp311-manylinux2014_ppc64le.manylinux_2_17_ppc64le.whl", hash = "sha256:c6528cefc8e50fcc6f4a107e27a672058b36cc5736d665476aeb413ba88dbb06", size = 4578425, upload-time = "2026-04-20T23:34:08.246Z" },
    { url = "https://files.pythonhosted.org/packages/0b/b9/656cb03fad9f4f49f2145c334b1126ee75189929ca4e6187d485a2d59951/psycopg2_binary-2.9.12-cp311-cp311-manylinux2014_x86_64.manylinux_2_17_x86_64.whl", hash = "sha256:e4e184b1fb6072bf05388aa41c697e1b2d01b3473f107e7ec44f186a32cfd0b8", size = 4273709, upload-time = "2026-04-20T23:34:10.974Z" },
    { url = "https://files.pythonhosted.org/packages/99/66/08cf0da0e25cc6fb142c89be45fc8418792858f0c4cbff5e24530ff02cd6/psycopg2_binary-2.9.12-cp311-cp311-manylinux_2_27_aarch64.manylinux_2_28_aarch64.whl", hash = "sha256:4766ab678563054d3f1d064a4db19cc4b5f9e3a8d9018592a8285cf200c248f3", size = 5893779, upload-time = "2026-04-20T23:34:13.905Z" },
    { url = "https://files.pythonhosted.org/packages/17/d7/eecd9ce8e146d3721115d82d3836efdbb712187e4590325df549989d18f4/psycopg2_binary-2.9.12-cp311-cp311-manylinux_2_38_riscv64.manylinux_2_39_riscv64.whl", hash = "sha256:5a0253224780c978746cb9be55a946bcdaf40fe3519c0f622924cdabdafe2c39", size = 4109308, upload-time = "2026-04-20T23:34:16.761Z" },
    { url = "https://files.pythonhosted.org/packages/b6/2e/b1dc289b362cc8d45697b57eefbd673186f49a4ea0906928988e3affcc98/psycopg2_binary-2.9.12-cp311-cp311-musllinux_1_2_aarch64.whl", hash = "sha256:0dc9228d47c46bda253d2ecd6bb93b56a9f2d7ad33b684a1fa3622bf74ffe30c", size = 3654405, upload-time = "2026-04-20T23:34:19.303Z" },
    { url = "https://files.pythonhosted.org/packages/eb/e4/4c4aea6473214dbdbd0fbba11aa4691e76dc01722c55724c5951719865ff/psycopg2_binary-2.9.12-cp311-cp311-musllinux_1_2_ppc64le.whl", hash = "sha256:f921f3cd87035ef7df233383011d7a53ea1d346224752c1385f1edfd790ceb6a", size = 3299187, upload-time = "2026-04-20T23:34:21.206Z" },
    { url = "https://files.pythonhosted.org/packages/ba/5d/b03b99986446a4f57b170ed9a2579fb7ff9783ca0fa5226b19db99737fee/psycopg2_binary-2.9.12-cp311-cp311-musllinux_1_2_riscv64.whl", hash = "sha256:3d999bd982a723113c1a45b55a7a6a90d64d0ed2278020ed625c490ff7bef96c", size = 3047716, upload-time = "2026-04-20T23:34:23.077Z" },
    { url = "https://files.pythonhosted.org/packages/14/86/382ee4afbd1d97500c9d2862b20c2fdeddf4b7335e984df3fb4309f64108/psycopg2_binary-2.9.12-cp311-cp311-musllinux_1_2_x86_64.whl", hash = "sha256:29d4d134bd0ab46ffb04e94aa3c5fa3ef582e9026609165e2f758ff76fc3a3be", size = 3349237, upload-time = "2026-04-20T23:34:25.211Z" },
    { url = "https://files.pythonhosted.org/packages/a8/16/9a57c75ba1eda7165c017342f526810d5f5a12647dde749c99ae9a7141d7/psycopg2_binary-2.9.12-cp311-cp311-win_amd64.whl", hash = "sha256:cb4a1dacdd48077150dc762a9e5ddbf32c256d66cb46f80839391aa458774936", size = 2757036, upload-time = "2026-04-20T23:34:27.77Z" },
    { url = "https://files.pythonhosted.org/packages/e2/9f/ef4ef3c8e15083df90ca35265cfd1a081a2f0cc07bb229c6314c6af817f4/psycopg2_binary-2.9.12-cp312-cp312-macosx_10_13_x86_64.whl", hash = "sha256:5cdc05117180c5fa9c40eea8ea559ce64d73824c39d928b7da9fb5f6a9392433", size = 3712459, upload-time = "2026-04-20T23:34:30.549Z" },
    { url = "https://files.pythonhosted.org/packages/b5/01/3dd14e46ba48c1e1a6ec58ee599fa1b5efa00c246d5046cd903d0eeb1af1/psycopg2_binary-2.9.12-cp312-cp312-macosx_11_0_arm64.whl", hash = "sha256:d3227a3bc228c10d21011a99245edca923e4e8bf461857e869a507d9a41fe9f6", size = 3822936, upload-time = "2026-04-20T23:34:32.77Z" },
    { url = "https://files.pythonhosted.org/packages/a6/f7/0640e4901119d8a9f7a1784b927f494e2198e213ceb593753d1f2c8b1b30/psycopg2_binary-2.9.12-cp312-cp312-manylinux2014_ppc64le.manylinux_2_17_ppc64le.whl", hash = "sha256:995ce929eede89db6254b50827e2b7fd61e50d11f0b116b29fffe4a2e53c4580", size = 4578676, upload-time = "2026-04-20T23:34:35.18Z" },
    { url = "https://files.pythonhosted.org/packages/b0/55/44df3965b5f297c50cc0b1b594a31c67d6127a9d133045b8a66611b14dfb/psycopg2_binary-2.9.12-cp312-cp312-manylinux2014_x86_64.manylinux_2_17_x86_64.whl", hash = "sha256:9fe06d93e72f1c048e731a2e3e7854a5bfaa58fc736068df90b352cefe66f03f", size = 4274917, upload-time = "2026-04-20T23:34:37.982Z" },
    { url = "https://files.pythonhosted.org/packages/b0/4b/74535248b1eac0c9336862e8617c765ac94dac76f9e25d7c4a79588c8907/psycopg2_binary-2.9.12-cp312-cp312-manylinux_2_27_aarch64.manylinux_2_28_aarch64.whl", hash = "sha256:40e7b28b63aaf737cb3a1edc3a9bbc9a9f4ad3dcb7152e8c1130e4050eddcb7d", size = 5894843, upload-time = "2026-04-20T23:34:40.856Z" },
    { url = "https://files.pythonhosted.org/packages/f2/ba/f1bf8d2ae71868ad800b661099086ee52bc0f8d9f05be1acd8ebb06757cc/psycopg2_binary-2.9.12-cp312-cp312-manylinux_2_38_riscv64.manylinux_2_39_riscv64.whl", hash = "sha256:89d19a9f7899e8eb0656a2b3a08e0da04c720a06db6e0033eab5928aabe60fa9", size = 4110556, upload-time = "2026-04-20T23:34:44.016Z" },
    { url = "https://files.pythonhosted.org/packages/45/46/c15706c338403b7c420bcc0c2905aad116cc064545686d8bf85f1999ea00/psycopg2_binary-2.9.12-cp312-cp312-musllinux_1_2_aarch64.whl", hash = "sha256:612b965daee295ae2da8f8218ce1d274645dc76ef3f1abf6a0a94fd57eff876d", size = 3655714, upload-time = "2026-04-20T23:34:46.233Z" },
    { url = "https://files.pythonhosted.org/packages/b3/7c/a2d5dc09b64a4564db242a0fe418fde7d33f6f8259dd2c5b9d7def00fb5a/psycopg2_binary-2.9.12-cp312-cp312-musllinux_1_2_ppc64le.whl", hash = "sha256:b9a339b79d37c1b45f3235265f07cdeb0cb5ad7acd2ac7720a5920989c17c24e", size = 3301154, upload-time = "2026-04-20T23:34:49.528Z" },
    { url = "https://files.pythonhosted.org/packages/c0/e8/cc8c9a4ce71461f9ec548d38cadc41dc184b34c73e6455450775a9334ccd/psycopg2_binary-2.9.12-cp312-cp312-musllinux_1_2_riscv64.whl", hash = "sha256:3471336e1acfd9c7fe507b8bad5af9317b6a89294f9eb37bd9a030bb7bebcdc6", size = 3048882, upload-time = "2026-04-20T23:34:51.86Z" },
    { url = "https://files.pythonhosted.org/packages/19/6a/31e2296bc0787c5ab75d3d118e40b239db8151b5192b90b77c72bc9256e9/psycopg2_binary-2.9.12-cp312-cp312-musllinux_1_2_x86_64.whl", hash = "sha256:7af18183109e23502c8b2ae7f6926c0882766f35b5175a4cd737ad825e4d7a1b", size = 3351298, upload-time = "2026-04-20T23:34:54.124Z" },
    { url = "https://files.pythonhosted.org/packages/5f/a8/75f4e3e11203b590150abed2cf7794b9c9c9f7eceddae955191138b44dde/psycopg2_binary-2.9.12-cp312-cp312-win_amd64.whl", hash = "sha256:398fcd4db988c7d7d3713e2b8e18939776fd3fb447052daae4f24fa39daede4c", size = 2757230, upload-time = "2026-04-20T23:34:56.242Z" },
    { url = "https://files.pythonhosted.org/packages/91/bb/4608c96f970f6e0c56572e87027ef4404f709382a3503e9934526d7ba051/psycopg2_binary-2.9.12-cp313-cp313-macosx_10_13_x86_64.whl", hash = "sha256:7c729a73c7b1b84de3582f73cdd27d905121dc2c531f3d9a3c32a3011033b965", size = 3712419, upload-time = "2026-04-20T23:34:58.754Z" },
    { url = "https://files.pythonhosted.org/packages/5e/af/48f76af9d50d61cf390f8cd657b503168b089e2e9298e48465d029fcc713/psycopg2_binary-2.9.12-cp313-cp313-macosx_11_0_arm64.whl", hash = "sha256:4413d0caef93c5cf50b96863df4c2efe8c269bf2267df353225595e7e15e8df7", size = 3822990, upload-time = "2026-04-20T23:35:00.821Z" },
    { url = "https://files.pythonhosted.org/packages/7a/df/aba0f99397cd811d32e06fc0cc781f1f3ce98bc0e729cb423925085d781a/psycopg2_binary-2.9.12-cp313-cp313-manylinux2014_ppc64le.manylinux_2_17_ppc64le.whl", hash = "sha256:4dfcf8e45ebb0c663be34a3442f65e17311f3367089cd4e5e3a3e8e62c978777", size = 4578696, upload-time = "2026-04-20T23:35:03.409Z" },
    { url = "https://files.pythonhosted.org/packages/95/9c/eaa74021ac4e4d5c2f83d82fc6615a63f4fe6c94dc4e94c3990427053f67/psycopg2_binary-2.9.12-cp313-cp313-manylinux2014_x86_64.manylinux_2_17_x86_64.whl", hash = "sha256:c41321a14dd74aceb6a9a643b9253a334521babfa763fa873e33d89cfa122fb5", size = 4274982, upload-time = "2026-04-20T23:35:05.583Z" },
    { url = "https://files.pythonhosted.org/packages/35/ed/c25deff98bd26187ba48b3b250a3ffc3037c46c5b89362534a15d200e0db/psycopg2_binary-2.9.12-cp313-cp313-manylinux_2_27_aarch64.manylinux_2_28_aarch64.whl", hash = "sha256:83946ba43979ebfdc99a3cd0ee775c89f221df026984ba19d46133d8d75d3cd9", size = 5894867, upload-time = "2026-04-20T23:35:07.902Z" },
    { url = "https://files.pythonhosted.org/packages/9a/81/8d0e21ca77373c6c9589e5c4528f6e8f0c08c62cafc76fb0bddb7a2cee22/psycopg2_binary-2.9.12-cp313-cp313-manylinux_2_38_riscv64.manylinux_2_39_riscv64.whl", hash = "sha256:411e85815652d13560fbe731878daa5d92378c4995a22302071890ec3397d019", size = 4110578, upload-time = "2026-04-20T23:35:10.149Z" },
    { url = "https://files.pythonhosted.org/packages/00/fc/f481e2435bd8f742d0123309174aae4165160ad3ef17c1b99c3622c241d2/psycopg2_binary-2.9.12-cp313-cp313-musllinux_1_2_aarch64.whl", hash = "sha256:1c8ad4c08e00f7679559eaed7aff1edfffc60c086b976f93972f686384a95e2c", size = 3655816, upload-time = "2026-04-20T23:35:12.56Z" },
    { url = "https://files.pythonhosted.org/packages/53/79/b9f46466bdbe9f239c96cde8be33c1aace4842f06013b47b730dc9759187/psycopg2_binary-2.9.12-cp313-cp313-musllinux_1_2_ppc64le.whl", hash = "sha256:00814e40fa23c2b37ef0a1e3c749d89982c73a9cb5046137f0752a22d432e82f", size = 3301307, upload-time = "2026-04-20T23:35:15.029Z" },
    { url = "https://files.pythonhosted.org/packages/3f/19/7dc003b32fe35024df89b658104f7c8538a8b2dcbde7a4e746ce929742e7/psycopg2_binary-2.9.12-cp313-cp313-musllinux_1_2_riscv64.whl", hash = "sha256:98062447aebc20ed20add1f547a364fd0ef8933640d5372ff1873f8deb9b61be", size = 3048968, upload-time = "2026-04-20T23:35:16.757Z" },
    { url = "https://files.pythonhosted.org/packages/91/58/2dbd7db5c604d45f4950d988506aae672a14126ec22998ced5021cbb76bb/psycopg2_binary-2.9.12-cp313-cp313-musllinux_1_2_x86_64.whl", hash = "sha256:66a7685d7e548f10fb4ce32fb01a7b7f4aa702134de92a292c7bd9e0d3dbd290", size = 3351369, upload-time = "2026-04-20T23:35:18.933Z" },
    { url = "https://files.pythonhosted.org/packages/42/ee/dee8dcaad07f735824de3d6563bc67119fa6c28257b17977a8d624f02fab/psycopg2_binary-2.9.12-cp313-cp313-win_amd64.whl", hash = "sha256:b6937f5fe4e180aeee87de907a2fa982ded6f7f15d7218f78a083e4e1d68f2a0", size = 2757347, upload-time = "2026-04-20T23:35:21.283Z" },
    { url = "https://files.pythonhosted.org/packages/13/1b/708c0dca874acfad6d65314271859899a79007686f3a1f74e82a2ed4b645/psycopg2_binary-2.9.12-cp314-cp314-macosx_10_15_x86_64.whl", hash = "sha256:6f3b3de8a74ef8db215f22edffb19e32dc6fa41340456de7ec99efdc8a7b3ec2", size = 3712428, upload-time = "2026-04-20T23:35:23.453Z" },
    { url = "https://files.pythonhosted.org/packages/d6/39/ddbea9d4b4de6aca9431b6ed253f530f8a02d3b8f9bcfd0dbfe2b3de6fe4/psycopg2_binary-2.9.12-cp314-cp314-macosx_11_0_arm64.whl", hash = "sha256:1006fb62f0f0bc5ce256a832356c6262e91be43f5e4eb15b5eaf38079464caf2", size = 3823184, upload-time = "2026-04-20T23:35:25.92Z" },
    { url = "https://files.pythonhosted.org/packages/bf/a0/bc2fef74b106fa345567122a0659e6d94512ed7dc0131ec44c9e5aba3725/psycopg2_binary-2.9.12-cp314-cp314-manylinux2014_ppc64le.manylinux_2_17_ppc64le.whl", hash = "sha256:840066105706cd2eb29b9a1c2329620056582a4bf3e8169dec5c447042d0869f", size = 4579157, upload-time = "2026-04-20T23:35:28.542Z" },
    { url = "https://files.pythonhosted.org/packages/57/d7/d4e3b2005d3de607ca4fbb0e8742e248056e52184a6b94ebda3c1c2c329b/psycopg2_binary-2.9.12-cp314-cp314-manylinux2014_x86_64.manylinux_2_17_x86_64.whl", hash = "sha256:863f5d12241ebe1c76a72a04c2113b6dc905f90b9cef0e9be0efd994affd9354", size = 4274970, upload-time = "2026-04-20T23:35:30.418Z" },
    { url = "https://files.pythonhosted.org/packages/2e/42/c9853f8db3967fe08bcde11f53d53b85d351750cae726ce001cb68afa9c1/psycopg2_binary-2.9.12-cp314-cp314-manylinux_2_27_aarch64.manylinux_2_28_aarch64.whl", hash = "sha256:a99eaab34a9010f1a086b126de467466620a750634d114d20455f3a824aae033", size = 5895175, upload-time = "2026-04-20T23:35:33.584Z" },
    { url = "https://files.pythonhosted.org/packages/eb/fd/b82b5601a97630308bef079f545ffec481bbbc795c2ba5ec416a01d03f60/psycopg2_binary-2.9.12-cp314-cp314-manylinux_2_38_riscv64.manylinux_2_39_riscv64.whl", hash = "sha256:ffdd7dc5463ccd61845ac37b7012d0f35a1548df9febe14f8dd549be4a0bc81e", size = 4110658, upload-time = "2026-04-20T23:35:35.638Z" },
    { url = "https://files.pythonhosted.org/packages/62/8c/32ca69b0389ef25dd22937bf9e8fbe2ce27aea20b05ded48c4ce4cb42475/psycopg2_binary-2.9.12-cp314-cp314-musllinux_1_2_aarch64.whl", hash = "sha256:54a0dfecab1b48731f934e06139dfe11e24219fb6d0ceb32177cf0375f14c7b5", size = 3656251, upload-time = "2026-04-20T23:35:37.854Z" },
    { url = "https://files.pythonhosted.org/packages/c4/29/96992a2b59e3b9d730fcf9612d0a387305025dc867a9fc490a9e496e074e/psycopg2_binary-2.9.12-cp314-cp314-musllinux_1_2_ppc64le.whl", hash = "sha256:96937c9c5d891f772430f418a7a8b4691a90c3e6b93cf72b5bd7cad8cbca32a5", size = 3301810, upload-time = "2026-04-20T23:35:39.927Z" },
    { url = "https://files.pythonhosted.org/packages/56/ad/44b06659949b243ae10112cd3b20a197f9bf3e81d5651379b9eb889bfaad/psycopg2_binary-2.9.12-cp314-cp314-musllinux_1_2_riscv64.whl", hash = "sha256:77b348775efd4cdab410ec6609d81ccecd1139c90265fa583a7255c8064bc03d", size = 3048977, upload-time = "2026-04-20T23:35:41.806Z" },
    { url = "https://files.pythonhosted.org/packages/1d/f2/10a1bcebadb6aa55e280e1f58975c36a7b560ea525184c7aa4064c466633/psycopg2_binary-2.9.12-cp314-cp314-musllinux_1_2_x86_64.whl", hash = "sha256:527e6342b3e44c2f0544f6b8e927d60de7f163f5723b8f1dfa7d2a84298738cd", size = 3351466, upload-time = "2026-04-20T23:35:43.993Z" },
    { url = "https://files.pythonhosted.org/packages/20/be/b732c8418ffa5bcfda002890f5dc4c869fc17db66ff11f53b17cfe44afc0/psycopg2_binary-2.9.12-cp314-cp314-win_amd64.whl", hash = "sha256:f12ae41fcafadb39b2785e64a40f9db05d6de2ac114077457e0e7c597f3af980", size = 2848762, upload-time = "2026-04-20T23:35:46.421Z" },
]

[[package]]
name = "pydantic"
version = "1.10.26"
source = { registry = "https://pypi.org/simple" }
dependencies = [
    { name = "typing-extensions" },
]
sdist = { url = "https://files.pythonhosted.org/packages/7b/da/fd89f987a376c807cd81ea0eff4589aade783bbb702637b4734ef2c743a2/pydantic-1.10.26.tar.gz", hash = "sha256:8c6aa39b494c5af092e690127c283d84f363ac36017106a9e66cb33a22ac412e", size = 357906, upload-time = "2025-12-18T15:47:46.557Z" }
wheels = [
    { url = "https://files.pythonhosted.org/packages/1d/c1/d521e64c8130e1ad9d22c270bed3fabcc0940c9539b076b639c88fd32a8d/pydantic-1.10.26-cp311-cp311-macosx_10_9_x86_64.whl", hash = "sha256:116233e53889bcc536f617e38c1b8337d7fa9c280f0fd7a4045947515a785637", size = 2428347, upload-time = "2025-12-18T15:46:39.41Z" },
    { url = "https://files.pythonhosted.org/packages/2c/08/f4b804a00c16e3ea994cb640a7c25c579b4f1fa674cde6a19fa0dfb0ae4f/pydantic-1.10.26-cp311-cp311-macosx_11_0_arm64.whl", hash = "sha256:c3cfdd361addb6eb64ccd26ac356ad6514cee06a61ab26b27e16b5ed53108f77", size = 2212605, upload-time = "2025-12-18T15:46:41.006Z" },
    { url = "https://files.pythonhosted.org/packages/5d/78/0df4b9efef29bbc5e39f247fcba99060d15946b4463d82a5589cf7923d71/pydantic-1.10.26-cp311-cp311-manylinux2014_x86_64.manylinux_2_17_x86_64.whl", hash = "sha256:0e4451951a9a93bf9a90576f3e25240b47ee49ab5236adccb8eff6ac943adf0f", size = 2753560, upload-time = "2025-12-18T15:46:43.215Z" },
    { url = "https://files.pythonhosted.org/packages/68/66/6ab6c1d3a116d05d2508fce64f96e35242938fac07544d611e11d0d363a0/pydantic-1.10.26-cp311-cp311-musllinux_1_2_x86_64.whl", hash = "sha256:9858ed44c6bea5f29ffe95308db9e62060791c877766c67dd5f55d072c8612b5", size = 2859235, upload-time = "2025-12-18T15:46:45.112Z" },
    { url = "https://files.pythonhosted.org/packages/61/4e/f1676bb0fcdf6ed2ce4670d7d1fc1d6c3a06d84497644acfbe02649503f1/pydantic-1.10.26-cp311-cp311-win_amd64.whl", hash = "sha256:ac1089f723e2106ebde434377d31239e00870a7563245072968e5af5cc4d33df", size = 2066646, upload-time = "2025-12-18T15:46:46.816Z" },
    { url = "https://files.pythonhosted.org/packages/02/6c/cd97a5a776c4515e6ee2ae81c2f2c5be51376dda6c31f965d7746ce0019f/pydantic-1.10.26-cp312-cp312-macosx_10_13_x86_64.whl", hash = "sha256:468d5b9cacfcaadc76ed0a4645354ab6f263ec01a63fb6d05630ea1df6ae453f", size = 2433795, upload-time = "2025-12-18T15:46:49.321Z" },
    { url = "https://files.pythonhosted.org/packages/47/12/de20affa30dcef728fcf9cc98e13ff4438c7a630de8d2f90eb38eba0891c/pydantic-1.10.26-cp312-cp312-macosx_11_0_arm64.whl", hash = "sha256:2c1b0b914be31671000ca25cf7ea17fcaaa68cfeadf6924529c5c5aa24b7ab1f", size = 2227387, upload-time = "2025-12-18T15:46:50.877Z" },
    { url = "https://files.pythonhosted.org/packages/7b/1d/9d65dcc5b8c17ba590f1f9f486e9306346831902318b7ee93f63516f4003/pydantic-1.10.26-cp312-cp312-manylinux2014_x86_64.manylinux_2_17_x86_64.whl", hash = "sha256:15b13b9f8ba8867095769e1156e0d7fbafa1f65b898dd40fd1c02e34430973cb", size = 2629594, upload-time = "2025-12-18T15:46:53.42Z" },
    { url = "https://files.pythonhosted.org/packages/3f/76/acb41409356789e23e1a7ef58f93821410c96409183ce314ddb58d97f23e/pydantic-1.10.26-cp312-cp312-musllinux_1_2_x86_64.whl", hash = "sha256:ad7025ca324ae263d4313998e25078dcaec5f9ed0392c06dedb57e053cc8086b", size = 2745305, upload-time = "2025-12-18T15:46:55.987Z" },
    { url = "https://files.pythonhosted.org/packages/22/72/a98c0c5e527a66057d969fedd61675223c7975ade61acebbca9f1abd6dc0/pydantic-1.10.26-cp312-cp312-win_amd64.whl", hash = "sha256:4482b299874dabb88a6c3759e3d85c6557c407c3b586891f7d808d8a38b66b9c", size = 1937647, upload-time = "2025-12-18T15:46:57.905Z" },
    { url = "https://files.pythonhosted.org/packages/28/b9/17a5a5a421c23ac27486b977724a42c9d5f8b7f0f4aab054251066223900/pydantic-1.10.26-cp313-cp313-macosx_10_13_x86_64.whl", hash = "sha256:1ae7913bb40a96c87e3d3f6fe4e918ef53bf181583de4e71824360a9b11aef1c", size = 2494599, upload-time = "2025-12-18T15:47:00.209Z" },
    { url = "https://files.pythonhosted.org/packages/e6/8e/6e3bd4241076cf227b443d7577245dd5d181ecf40b3182fcb908bc8c197d/pydantic-1.10.26-cp313-cp313-macosx_11_0_arm64.whl", hash = "sha256:8154c13f58d4de5d3a856bb6c909c7370f41fb876a5952a503af6b975265f4ba", size = 2254391, upload-time = "2025-12-18T15:47:02.268Z" },
    { url = "https://files.pythonhosted.org/packages/a8/30/a1c4092eda2145ecbead6c92db489b223e101e1ba0da82576d0cf73dd422/pydantic-1.10.26-cp313-cp313-manylinux2014_x86_64.manylinux_2_17_x86_64.whl", hash = "sha256:f8af0507bf6118b054a9765fb2e402f18a8b70c964f420d95b525eb711122d62", size = 2609445, upload-time = "2025-12-18T15:47:04.909Z" },
    { url = "https://files.pythonhosted.org/packages/3a/2a/0491f1729ee4b7b6bc859ec22f69752f0c09bee1b66ac6f5f701136f34c3/pydantic-1.10.26-cp313-cp313-musllinux_1_2_x86_64.whl", hash = "sha256:dcb5a7318fb43189fde6af6f21ac7149c4bcbcfffc54bc87b5becddc46084847", size = 2732124, upload-time = "2025-12-18T15:47:07.464Z" },
    { url = "https://files.pythonhosted.org/packages/2a/56/b59f3b2f84e1df2b04ae768a1bb04d9f0288ff71b67cdcbb07683757b2c0/pydantic-1.10.26-cp313-cp313-win_amd64.whl", hash = "sha256:71cde228bc0600cf8619f0ee62db050d1880dcc477eba0e90b23011b4ee0f314", size = 1939888, upload-time = "2025-12-18T15:47:09.618Z" },
    { url = "https://files.pythonhosted.org/packages/d2/8b/0c3dc02d4b97790b0f199bf933f677c14e7be4a8d21307c5f2daae06aa41/pydantic-1.10.26-cp314-cp314-macosx_10_15_x86_64.whl", hash = "sha256:6b40730cc81d53d515dc0b8bb5c9b43fadb9bed46de4a3c03bd95e8571616dba", size = 2502689, upload-time = "2025-12-18T15:47:12.308Z" },
    { url = "https://files.pythonhosted.org/packages/d4/9d/d31aeea45542b2ae4b09ecba92b88aaba696b801c31919811aa979a1242d/pydantic-1.10.26-cp314-cp314-macosx_11_0_arm64.whl", hash = "sha256:c3bbb9c0eecdf599e4db9b372fa9cc55be12e80a0d9c6d307950a39050cb0e37", size = 2269494, upload-time = "2025-12-18T15:47:14.53Z" },
    { url = "https://files.pythonhosted.org/packages/78/c1/3a4d069593283ca4dd0006039ba33644e21e432cddc09da706ac50441610/pydantic-1.10.26-cp314-cp314-manylinux2014_x86_64.manylinux_2_17_x86_64.whl", hash = "sha256:cc2e3fe7bc4993626ef6b6fa855defafa1d6f8996aa1caef2deb83c5ac4d043a", size = 2620047, upload-time = "2025-12-18T15:47:17.089Z" },
    { url = "https://files.pythonhosted.org/packages/e0/0e/340c3d29197d99c15ab04093d43bb9c9d0fd17c2a34b80cb9d36ed732b09/pydantic-1.10.26-cp314-cp314-musllinux_1_2_x86_64.whl", hash = "sha256:36d9e46b588aaeb1dcd2409fa4c467fe0b331f3cc9f227b03a7a00643704e962", size = 2747625, upload-time = "2025-12-18T15:47:19.21Z" },
    { url = "https://files.pythonhosted.org/packages/1e/58/f12ab3727339b172c830b32151919456b67787cdfe8808b2568b322fb15c/pydantic-1.10.26-cp314-cp314-win_amd64.whl", hash = "sha256:81ce3c8616d12a7be31b4aadfd3434f78f6b44b75adbfaec2fe1ad4f7f999b8c", size = 1976436, upload-time = "2025-12-18T15:47:21.384Z" },
    { url = "https://files.pythonhosted.org/packages/1f/98/556e82f00b98486def0b8af85da95e69d2be7e367cf2431408e108bc3095/pydantic-1.10.26-py3-none-any.whl", hash = "sha256:c43ad70dc3ce7787543d563792426a16fd7895e14be4b194b5665e36459dd917", size = 166975, upload-time = "2025-12-18T15:47:44.927Z" },
]

[[package]]
name = "sqlalchemy"
version = "2.0.15"
source = { registry = "https://pypi.org/simple" }
dependencies = [
    { name = "greenlet", marker = "platform_machine == 'AMD64' or platform_machine == 'WIN32' or platform_machine == 'aarch64' or platform_machine == 'amd64' or platform_machine == 'ppc64le' or platform_machine == 'win32' or platform_machine == 'x86_64'" },
    { name = "typing-extensions" },
]
sdist = { url = "https://files.pythonhosted.org/packages/c0/b1/127b7612dc8625dd34eb202efc594dac86f5208aef4ff467dfd630e76f9d/SQLAlchemy-2.0.15.tar.gz", hash = "sha256:2e940a8659ef870ae10e0d9e2a6d5aaddf0ff6e91f7d0d7732afc9e8c4be9bbc", size = 9296612, upload-time = "2023-05-20T01:00:13.011Z" }
wheels = [
    { url = "https://files.pythonhosted.org/packages/20/a7/23944d6fabb4314a95daa029ef482dcd5ea6e7bbb431e05e9bdc6d63b1e0/SQLAlchemy-2.0.15-cp311-cp311-macosx_10_9_x86_64.whl", hash = "sha256:4670ce853cb25f72115a1bbe366ae13cf3f28fc5c87222df14f8d3d55d51816e", size = 1977875, upload-time = "2023-05-20T01:13:11.295Z" },
    { url = "https://files.pythonhosted.org/packages/50/6d/07e058ef97765851fc219397956c15cd98125a03674b58e8b97ad362c11b/SQLAlchemy-2.0.15-cp311-cp311-macosx_11_0_arm64.whl", hash = "sha256:cea7c4a3dfc2ca61f88a2b1ddd6b0bfbd116c9b1a361b3b66fd826034b833142", size = 1967331, upload-time = "2023-05-20T01:13:14.097Z" },
    { url = "https://files.pythonhosted.org/packages/41/d0/188e2018001a25e54d73fa98c7f8ade2cb241523f0de8f77d826e09676fd/SQLAlchemy-2.0.15-cp311-cp311-manylinux_2_17_aarch64.manylinux2014_aarch64.whl", hash = "sha256:6f5784dfb2d45c19cde03c45c04a54bf47428610106197ed6e6fa79f33bc63d3", size = 2762398, upload-time = "2023-05-20T02:16:35.305Z" },
    { url = "https://files.pythonhosted.org/packages/8c/90/f97256025a1e9da3ed0fedb32f2df2d2d28b601063b99900954abda79eb1/SQLAlchemy-2.0.15-cp311-cp311-manylinux_2_17_x86_64.manylinux2014_x86_64.whl", hash = "sha256:9b31ebde27575b3b0708673ec14f0c305c4564d995b545148ab7ac0f4d9b847a", size = 2765126, upload-time = "2023-05-20T01:27:23.537Z" },
    { url = "https://files.pythonhosted.org/packages/f7/84/0c44149afc434bbb5bb8e53fc096778d6e28a28f2f6a456fc2210070efa6/SQLAlchemy-2.0.15-cp311-cp311-musllinux_1_1_aarch64.whl", hash = "sha256:6b42913a0259267e9ee335da0c36498077799e59c5e332d506e72b4f32de781d", size = 2764879, upload-time = "2023-05-20T02:16:38.549Z" },
    { url = "https://files.pythonhosted.org/packages/3f/09/a24cbb86c099c1985e95b25b1fdaade896c44fe9108bd34d1e9371d38af0/SQLAlchemy-2.0.15-cp311-cp311-musllinux_1_1_x86_64.whl", hash = "sha256:6a3f8020e013e9b3b7941dcf20b0fc8f7429daaf7158760846731cbd8caa5e45", size = 2766830, upload-time = "2023-05-20T01:27:26.959Z" },
    { url = "https://files.pythonhosted.org/packages/ee/4d/a236fa0f28b40ba60ecd49585c1d99b29811b701a258d9c329982cea43c1/SQLAlchemy-2.0.15-cp311-cp311-win32.whl", hash = "sha256:88ab245ed2c96265441ed2818977be28c840cfa5204ba167425d6c26eb67b7e7", size = 1957383, upload-time = "2023-05-20T01:19:14.234Z" },
    { url = "https://files.pythonhosted.org/packages/6c/af/da6cb7709fcc611941ea34f3e7843d578236cf5b65ecdd03c97fbfd5b6ca/SQLAlchemy-2.0.15-cp311-cp311-win_amd64.whl", hash = "sha256:5cc48a7fda2b5c5b8860494d6c575db3a101a68416492105fed6591dc8a2728a", size = 1972359, upload-time = "2023-05-20T01:19:17.308Z" },
    { url = "https://files.pythonhosted.org/packages/c5/d9/8a2d3eaba6fc295da102dacb39d695b94b7b7d1a02b9f8a9b3b2c73beada/SQLAlchemy-2.0.15-py3-none-any.whl", hash = "sha256:933d30273861fe61f014ce2a7e3c364915f5efe9ed250ec1066ca6ea5942c0bd", size = 1823450, upload-time = "2023-05-20T01:58:11.805Z" },
]

[[package]]
name = "starlette"
version = "0.27.0"
source = { registry = "https://pypi.org/simple" }
dependencies = [
    { name = "anyio" },
]
sdist = { url = "https://files.pythonhosted.org/packages/06/68/559bed5484e746f1ab2ebbe22312f2c25ec62e4b534916d41a8c21147bf8/starlette-0.27.0.tar.gz", hash = "sha256:6a6b0d042acb8d469a01eba54e9cda6cbd24ac602c4cd016723117d6a7e73b75", size = 51394, upload-time = "2023-05-16T10:59:56.286Z" }
wheels = [
    { url = "https://files.pythonhosted.org/packages/58/f8/e2cca22387965584a409795913b774235752be4176d276714e15e1a58884/starlette-0.27.0-py3-none-any.whl", hash = "sha256:918416370e846586541235ccd38a474c08b80443ed31c578a418e2209b3eef91", size = 66978, upload-time = "2023-05-16T10:59:53.927Z" },
]

[[package]]
name = "typing-extensions"
version = "4.15.0"
source = { registry = "https://pypi.org/simple" }
sdist = { url = "https://files.pythonhosted.org/packages/72/94/1a15dd82efb362ac84269196e94cf00f187f7ed21c242792a923cdb1c61f/typing_extensions-4.15.0.tar.gz", hash = "sha256:0cea48d173cc12fa28ecabc3b837ea3cf6f38c6d1136f85cbaaf598984861466", size = 109391, upload-time = "2025-08-25T13:49:26.313Z" }
wheels = [
    { url = "https://files.pythonhosted.org/packages/18/67/36e9267722cc04a6b9f15c7f3441c2363321a3ea07da7ae0c0707beb2a9c/typing_extensions-4.15.0-py3-none-any.whl", hash = "sha256:f0fa19c6845758ab08074a0cfa8b7aecb71c999ca73d62883bc25cc018c4e548", size = 44614, upload-time = "2025-08-25T13:49:24.86Z" },
]
